
Microsoft Visual Studio Solution File, Format Version 12.00
# Visual Studio 15
VisualStudioVersion = 15.0.26430.6
MinimumVisualStudioVersion = 10.0.40219.1
Project("{FAE04EC0-301F-11D3-BF4B-00C04F79EFBC}") = "LeetCodeAlgorithmsLib", "LeetCodeAlgorithmsLib\LeetCodeAlgorithmsLib.csproj", "{EFAAA4FB-9686-4856-AC81-2B7E3C1C8770}"
EndProject
Project("{FAE04EC0-301F-11D3-BF4B-00C04F79EFBC}") = "LeetCodeAlgorithmsLib.Tests", "LeetCodeAlgorithmsLib.Tests\LeetCodeAlgorithmsLib.Tests.csproj", "{C4837523-E38B-4D9C-8F54-9A575EB0E525}"
EndProject
Global
	GlobalSection(SolutionConfigurationPlatforms) = preSolution
		Debug|Any CPU = Debug|Any CPU
		Release|Any CPU = Release|Any CPU
	EndGlobalSection
	GlobalSection(ProjectConfigurationPlatforms) = postSolution
		{EFAAA4FB-9686-4856-AC81-2B7E3C1C8770}.Debug|Any CPU.ActiveCfg = Debug|Any CPU
		{EFAAA4FB-9686-4856-AC81-2B7E3C1C8770}.Debug|Any CPU.Build.0 = Debug|Any CPU
		{EFAAA4FB-9686-4856-AC81-2B7E3C1C8770}.Release|Any CPU.ActiveCfg = Release|Any CPU
		{EFAAA4FB-9686-4856-AC81-2B7E3C1C8770}.Release|Any CPU.Build.0 = Release|Any CPU
		{C4837523-E38B-4D9C-8F54-9A575EB0E525}.Debug|Any CPU.ActiveCfg = Debug|Any CPU
		{C4837523-E38B-4D9C-8F54-9A575EB0E525}.Debug|Any CPU.Build.0 = Debug|Any CPU
		{C4837523-E38B-4D9C-8F54-9A575EB0E525}.Release|Any CPU.ActiveCfg = Release|Any CPU
		{C4837523-E38B-4D9C-8F54-9A575EB0E525}.Release|Any CPU.Build.0 = Release|Any CPU
	EndGlobalSection
	GlobalSection(SolutionProperties) = preSolution
		HideSolutionNode = FALSE
	EndGlobalSection
EndGlobal
